
Microsoft Visual Studio Solution File, Format Version 12.00
# Visual Studio 15
VisualStudioVersion = 15.0.26124.0
MinimumVisualStudioVersion = 15.0.26124.0
Project("{FAE04EC0-301F-11D3-BF4B-00C04F79EFBC}") = "MangoChallenge", "mangochallenge\MangoChallenge.csproj", "{DB22D60E-1510-4417-8249-2A2BE560DD4B}"
EndProject
Project("{2150E333-8FDC-42A3-9474-1A3956D46DE8}") = "src", "src", "{B61A39DA-28E2-4E39-9FC3-BE0D86F2B28E}"
EndProject
Project("{FAE04EC0-301F-11D3-BF4B-00C04F79EFBC}") = "Controllers", "src\Controllers\Controllers.csproj", "{0F23CD22-C12D-4518-9455-54ABE7115BA3}"
EndProject
Project("{FAE04EC0-301F-11D3-BF4B-00C04F79EFBC}") = "Entities", "src\Entities\Entities.csproj", "{3CD336B5-61C8-4CEC-AA3B-13B24FE95B4E}"
EndProject
Project("{FAE04EC0-301F-11D3-BF4B-00C04F79EFBC}") = "LoggerService", "src\LoggerService\LoggerService.csproj", "{42503482-4365-4A90-95E6-77B936B4B30F}"
EndProject
Project("{FAE04EC0-301F-11D3-BF4B-00C04F79EFBC}") = "UserService", "src\UserService\UserService.csproj", "{A0BDEE11-2411-49DD-8959-8B4DFCC38CAB}"
EndProject
Project("{FAE04EC0-301F-11D3-BF4B-00C04F79EFBC}") = "Repositories", "src\Repositories\Repositories.csproj", "{819373FC-00AC-493C-B2AD-4AC3C8FF281B}"
EndProject
Project("{FAE04EC0-301F-11D3-BF4B-00C04F79EFBC}") = "Helpers", "src\Helpers\Helpers.csproj", "{15E74146-1B86-4ACB-B261-8AB03183C5AE}"
EndProject
Project("{FAE04EC0-301F-11D3-BF4B-00C04F79EFBC}") = "Tests", "Tests\Tests.csproj", "{5C34AA83-7CF0-4FFC-9D15-E34D7E329F91}"
EndProject
Global
	GlobalSection(SolutionConfigurationPlatforms) = preSolution
		Debug|Any CPU = Debug|Any CPU
		Debug|x64 = Debug|x64
		Debug|x86 = Debug|x86
		Release|Any CPU = Release|Any CPU
		Release|x64 = Release|x64
		Release|x86 = Release|x86
	EndGlobalSection
	GlobalSection(SolutionProperties) = preSolution
		HideSolutionNode = FALSE
	EndGlobalSection
	GlobalSection(ProjectConfigurationPlatforms) = postSolution
		{DB22D60E-1510-4417-8249-2A2BE560DD4B}.Debug|Any CPU.ActiveCfg = Debug|Any CPU
		{DB22D60E-1510-4417-8249-2A2BE560DD4B}.Debug|Any CPU.Build.0 = Debug|Any CPU
		{DB22D60E-1510-4417-8249-2A2BE560DD4B}.Debug|x64.ActiveCfg = Debug|Any CPU
		{DB22D60E-1510-4417-8249-2A2BE560DD4B}.Debug|x64.Build.0 = Debug|Any CPU
		{DB22D60E-1510-4417-8249-2A2BE560DD4B}.Debug|x86.ActiveCfg = Debug|Any CPU
		{DB22D60E-1510-4417-8249-2A2BE560DD4B}.Debug|x86.Build.0 = Debug|Any CPU
		{DB22D60E-1510-4417-8249-2A2BE560DD4B}.Release|Any CPU.ActiveCfg = Release|Any CPU
		{DB22D60E-1510-4417-8249-2A2BE560DD4B}.Release|Any CPU.Build.0 = Release|Any CPU
		{DB22D60E-1510-4417-8249-2A2BE560DD4B}.Release|x64.ActiveCfg = Release|Any CPU
		{DB22D60E-1510-4417-8249-2A2BE560DD4B}.Release|x64.Build.0 = Release|Any CPU
		{DB22D60E-1510-4417-8249-2A2BE560DD4B}.Release|x86.ActiveCfg = Release|Any CPU
		{DB22D60E-1510-4417-8249-2A2BE560DD4B}.Release|x86.Build.0 = Release|Any CPU
		{0F23CD22-C12D-4518-9455-54ABE7115BA3}.Debug|Any CPU.ActiveCfg = Debug|Any CPU
		{0F23CD22-C12D-4518-9455-54ABE7115BA3}.Debug|Any CPU.Build.0 = Debug|Any CPU
		{0F23CD22-C12D-4518-9455-54ABE7115BA3}.Debug|x64.ActiveCfg = Debug|Any CPU
		{0F23CD22-C12D-4518-9455-54ABE7115BA3}.Debug|x64.Build.0 = Debug|Any CPU
		{0F23CD22-C12D-4518-9455-54ABE7115BA3}.Debug|x86.ActiveCfg = Debug|Any CPU
		{0F23CD22-C12D-4518-9455-54ABE7115BA3}.Debug|x86.Build.0 = Debug|Any CPU
		{0F23CD22-C12D-4518-9455-54ABE7115BA3}.Release|Any CPU.ActiveCfg = Release|Any CPU
		{0F23CD22-C12D-4518-9455-54ABE7115BA3}.Release|Any CPU.Build.0 = Release|Any CPU
		{0F23CD22-C12D-4518-9455-54ABE7115BA3}.Release|x64.ActiveCfg = Release|Any CPU
		{0F23CD22-C12D-4518-9455-54ABE7115BA3}.Release|x64.Build.0 = Release|Any CPU
		{0F23CD22-C12D-4518-9455-54ABE7115BA3}.Release|x86.ActiveCfg = Release|Any CPU
		{0F23CD22-C12D-4518-9455-54ABE7115BA3}.Release|x86.Build.0 = Release|Any CPU
		{3CD336B5-61C8-4CEC-AA3B-13B24FE95B4E}.Debug|Any CPU.ActiveCfg = Debug|Any CPU
		{3CD336B5-61C8-4CEC-AA3B-13B24FE95B4E}.Debug|Any CPU.Build.0 = Debug|Any CPU
		{3CD336B5-61C8-4CEC-AA3B-13B24FE95B4E}.Debug|x64.ActiveCfg = Debug|Any CPU
		{3CD336B5-61C8-4CEC-AA3B-13B24FE95B4E}.Debug|x64.Build.0 = Debug|Any CPU
		{3CD336B5-61C8-4CEC-AA3B-13B24FE95B4E}.Debug|x86.ActiveCfg = Debug|Any CPU
		{3CD336B5-61C8-4CEC-AA3B-13B24FE95B4E}.Debug|x86.Build.0 = Debug|Any CPU
		{3CD336B5-61C8-4CEC-AA3B-13B24FE95B4E}.Release|Any CPU.ActiveCfg = Release|Any CPU
		{3CD336B5-61C8-4CEC-AA3B-13B24FE95B4E}.Release|Any CPU.Build.0 = Release|Any CPU
		{3CD336B5-61C8-4CEC-AA3B-13B24FE95B4E}.Release|x64.ActiveCfg = Release|Any CPU
		{3CD336B5-61C8-4CEC-AA3B-13B24FE95B4E}.Release|x64.Build.0 = Release|Any CPU
		{3CD336B5-61C8-4CEC-AA3B-13B24FE95B4E}.Release|x86.ActiveCfg = Release|Any CPU
		{3CD336B5-61C8-4CEC-AA3B-13B24FE95B4E}.Release|x86.Build.0 = Release|Any CPU
		{42503482-4365-4A90-95E6-77B936B4B30F}.Debug|Any CPU.ActiveCfg = Debug|Any CPU
		{42503482-4365-4A90-95E6-77B936B4B30F}.Debug|Any CPU.Build.0 = Debug|Any CPU
		{42503482-4365-4A90-95E6-77B936B4B30F}.Debug|x64.ActiveCfg = Debug|Any CPU
		{42503482-4365-4A90-95E6-77B936B4B30F}.Debug|x64.Build.0 = Debug|Any CPU
		{42503482-4365-4A90-95E6-77B936B4B30F}.Debug|x86.ActiveCfg = Debug|Any CPU
		{42503482-4365-4A90-95E6-77B936B4B30F}.Debug|x86.Build.0 = Debug|Any CPU
		{42503482-4365-4A90-95E6-77B936B4B30F}.Release|Any CPU.ActiveCfg = Release|Any CPU
		{42503482-4365-4A90-95E6-77B936B4B30F}.Release|Any CPU.Build.0 = Release|Any CPU
		{42503482-4365-4A90-95E6-77B936B4B30F}.Release|x64.ActiveCfg = Release|Any CPU
		{42503482-4365-4A90-95E6-77B936B4B30F}.Release|x64.Build.0 = Release|Any CPU
		{42503482-4365-4A90-95E6-77B936B4B30F}.Release|x86.ActiveCfg = Release|Any CPU
		{42503482-4365-4A90-95E6-77B936B4B30F}.Release|x86.Build.0 = Release|Any CPU
		{A0BDEE11-2411-49DD-8959-8B4DFCC38CAB}.Debug|Any CPU.ActiveCfg = Debug|Any CPU
		{A0BDEE11-2411-49DD-8959-8B4DFCC38CAB}.Debug|Any CPU.Build.0 = Debug|Any CPU
		{A0BDEE11-2411-49DD-8959-8B4DFCC38CAB}.Debug|x64.ActiveCfg = Debug|Any CPU
		{A0BDEE11-2411-49DD-8959-8B4DFCC38CAB}.Debug|x64.Build.0 = Debug|Any CPU
		{A0BDEE11-2411-49DD-8959-8B4DFCC38CAB}.Debug|x86.ActiveCfg = Debug|Any CPU
		{A0BDEE11-2411-49DD-8959-8B4DFCC38CAB}.Debug|x86.Build.0 = Debug|Any CPU
		{A0BDEE11-2411-49DD-8959-8B4DFCC38CAB}.Release|Any CPU.ActiveCfg = Release|Any CPU
		{A0BDEE11-2411-49DD-8959-8B4DFCC38CAB}.Release|Any CPU.Build.0 = Release|Any CPU
		{A0BDEE11-2411-49DD-8959-8B4DFCC38CAB}.Release|x64.ActiveCfg = Release|Any CPU
		{A0BDEE11-2411-49DD-8959-8B4DFCC38CAB}.Release|x64.Build.0 = Release|Any CPU
		{A0BDEE11-2411-49DD-8959-8B4DFCC38CAB}.Release|x86.ActiveCfg = Release|Any CPU
		{A0BDEE11-2411-49DD-8959-8B4DFCC38CAB}.Release|x86.Build.0 = Release|Any CPU
		{819373FC-00AC-493C-B2AD-4AC3C8FF281B}.Debug|Any CPU.ActiveCfg = Debug|Any CPU
		{819373FC-00AC-493C-B2AD-4AC3C8FF281B}.Debug|Any CPU.Build.0 = Debug|Any CPU
		{819373FC-00AC-493C-B2AD-4AC3C8FF281B}.Debug|x64.ActiveCfg = Debug|Any CPU
		{819373FC-00AC-493C-B2AD-4AC3C8FF281B}.Debug|x64.Build.0 = Debug|Any CPU
		{819373FC-00AC-493C-B2AD-4AC3C8FF281B}.Debug|x86.ActiveCfg = Debug|Any CPU
		{819373FC-00AC-493C-B2AD-4AC3C8FF281B}.Debug|x86.Build.0 = Debug|Any CPU
		{819373FC-00AC-493C-B2AD-4AC3C8FF281B}.Release|Any CPU.ActiveCfg = Release|Any CPU
		{819373FC-00AC-493C-B2AD-4AC3C8FF281B}.Release|Any CPU.Build.0 = Release|Any CPU
		{819373FC-00AC-493C-B2AD-4AC3C8FF281B}.Release|x64.ActiveCfg = Release|Any CPU
		{819373FC-00AC-493C-B2AD-4AC3C8FF281B}.Release|x64.Build.0 = Release|Any CPU
		{819373FC-00AC-493C-B2AD-4AC3C8FF281B}.Release|x86.ActiveCfg = Release|Any CPU
		{819373FC-00AC-493C-B2AD-4AC3C8FF281B}.Release|x86.Build.0 = Release|Any CPU
		{15E74146-1B86-4ACB-B261-8AB03183C5AE}.Debug|Any CPU.ActiveCfg = Debug|Any CPU
		{15E74146-1B86-4ACB-B261-8AB03183C5AE}.Debug|Any CPU.Build.0 = Debug|Any CPU
		{15E74146-1B86-4ACB-B261-8AB03183C5AE}.Debug|x64.ActiveCfg = Debug|Any CPU
		{15E74146-1B86-4ACB-B261-8AB03183C5AE}.Debug|x64.Build.0 = Debug|Any CPU
		{15E74146-1B86-4ACB-B261-8AB03183C5AE}.Debug|x86.ActiveCfg = Debug|Any CPU
		{15E74146-1B86-4ACB-B261-8AB03183C5AE}.Debug|x86.Build.0 = Debug|Any CPU
		{15E74146-1B86-4ACB-B261-8AB03183C5AE}.Release|Any CPU.ActiveCfg = Release|Any CPU
		{15E74146-1B86-4ACB-B261-8AB03183C5AE}.Release|Any CPU.Build.0 = Release|Any CPU
		{15E74146-1B86-4ACB-B261-8AB03183C5AE}.Release|x64.ActiveCfg = Release|Any CPU
		{15E74146-1B86-4ACB-B261-8AB03183C5AE}.Release|x64.Build.0 = Release|Any CPU
		{15E74146-1B86-4ACB-B261-8AB03183C5AE}.Release|x86.ActiveCfg = Release|Any CPU
		{15E74146-1B86-4ACB-B261-8AB03183C5AE}.Release|x86.Build.0 = Release|Any CPU
		{5C34AA83-7CF0-4FFC-9D15-E34D7E329F91}.Debug|Any CPU.ActiveCfg = Debug|Any CPU
		{5C34AA83-7CF0-4FFC-9D15-E34D7E329F91}.Debug|Any CPU.Build.0 = Debug|Any CPU
		{5C34AA83-7CF0-4FFC-9D15-E34D7E329F91}.Debug|x64.ActiveCfg = Debug|Any CPU
		{5C34AA83-7CF0-4FFC-9D15-E34D7E329F91}.Debug|x64.Build.0 = Debug|Any CPU
		{5C34AA83-7CF0-4FFC-9D15-E34D7E329F91}.Debug|x86.ActiveCfg = Debug|Any CPU
		{5C34AA83-7CF0-4FFC-9D15-E34D7E329F91}.Debug|x86.Build.0 = Debug|Any CPU
		{5C34AA83-7CF0-4FFC-9D15-E34D7E329F91}.Release|Any CPU.ActiveCfg = Release|Any CPU
		{5C34AA83-7CF0-4FFC-9D15-E34D7E329F91}.Release|Any CPU.Build.0 = Release|Any CPU
		{5C34AA83-7CF0-4FFC-9D15-E34D7E329F91}.Release|x64.ActiveCfg = Release|Any CPU
		{5C34AA83-7CF0-4FFC-9D15-E34D7E329F91}.Release|x64.Build.0 = Release|Any CPU
		{5C34AA83-7CF0-4FFC-9D15-E34D7E329F91}.Release|x86.ActiveCfg = Release|Any CPU
		{5C34AA83-7CF0-4FFC-9D15-E34D7E329F91}.Release|x86.Build.0 = Release|Any CPU
	EndGlobalSection
	GlobalSection(NestedProjects) = preSolution
		{0F23CD22-C12D-4518-9455-54ABE7115BA3} = {B61A39DA-28E2-4E39-9FC3-BE0D86F2B28E}
		{3CD336B5-61C8-4CEC-AA3B-13B24FE95B4E} = {B61A39DA-28E2-4E39-9FC3-BE0D86F2B28E}
		{42503482-4365-4A90-95E6-77B936B4B30F} = {B61A39DA-28E2-4E39-9FC3-BE0D86F2B28E}
		{A0BDEE11-2411-49DD-8959-8B4DFCC38CAB} = {B61A39DA-28E2-4E39-9FC3-BE0D86F2B28E}
		{819373FC-00AC-493C-B2AD-4AC3C8FF281B} = {B61A39DA-28E2-4E39-9FC3-BE0D86F2B28E}
		{15E74146-1B86-4ACB-B261-8AB03183C5AE} = {B61A39DA-28E2-4E39-9FC3-BE0D86F2B28E}
	EndGlobalSection
EndGlobal
